
Microsoft Visual Studio Solution File, Format Version 12.00
# Visual Studio Version 17
VisualStudioVersion = 17.5.33530.505
MinimumVisualStudioVersion = 10.0.40219.1
Project("{FAE04EC0-301F-11D3-BF4B-00C04F79EFBC}") = "Ultra_Sum", "Ultra_Sum.csproj", "{07F1C9B8-FC24-42F9-863B-44F9ABC0BF40}"
EndProject
Global
	GlobalSection(SolutionConfigurationPlatforms) = preSolution
		Debug|Any CPU = Debug|Any CPU
		Release|Any CPU = Release|Any CPU
	EndGlobalSection
	GlobalSection(ProjectConfigurationPlatforms) = postSolution
		{07F1C9B8-FC24-42F9-863B-44F9ABC0BF40}.Debug|Any CPU.ActiveCfg = Debug|Any CPU
		{07F1C9B8-FC24-42F9-863B-44F9ABC0BF40}.Debug|Any CPU.Build.0 = Debug|Any CPU
		{07F1C9B8-FC24-42F9-863B-44F9ABC0BF40}.Release|Any CPU.ActiveCfg = Release|Any CPU
		{07F1C9B8-FC24-42F9-863B-44F9ABC0BF40}.Release|Any CPU.Build.0 = Release|Any CPU
	EndGlobalSection
	GlobalSection(SolutionProperties) = preSolution
		HideSolutionNode = FALSE
	EndGlobalSection
	GlobalSection(ExtensibilityGlobals) = postSolution
		SolutionGuid = {95DF5C03-E7C3-4B7C-B16D-983FB48A80BE}
	EndGlobalSection
EndGlobal
